{
  "requires": true,
  "lockfileVersion": 1,
  "dependencies": {
    "vue-carousel-3d": {
      "version": "0.1.23",
      "resolved": "https://registry.npmjs.org/vue-carousel-3d/-/vue-carousel-3d-0.1.23.tgz",
      "integrity": "sha512-jmWOoZtTOd2V0ZXwgcZLQX3IJX/7iC897rDga1L3jMjkzAj+/CcgeezTZcynvkT9QG5BZaU+L1OCGTs5qn4+lQ=="
    }
  }
}
